
Microsoft Visual Studio Solution File, Format Version 12.00
# Visual Studio 15
VisualStudioVersion = 15.0.26430.14
MinimumVisualStudioVersion = 10.0.40219.1
Project("{FAE04EC0-301F-11D3-BF4B-00C04F79EFBC}") = "ThirdGame.Android", "ThirdGame\ThirdGame.Android.csproj", "{5E172DE2-91D2-42F4-90EF-F553D9B3D21F}"
EndProject
Project("{FAE04EC0-301F-11D3-BF4B-00C04F79EFBC}") = "UnitTestProject", "UnitTestProject\UnitTestProject.csproj", "{2E22B5C7-6295-46A5-B14A-65B915C840E0}"
	ProjectSection(ProjectDependencies) = postProject
		{4936E3DB-2FD8-4721-BB58-4CF82CA26C59} = {4936E3DB-2FD8-4721-BB58-4CF82CA26C59}
	EndProjectSection
EndProject
Project("{FAE04EC0-301F-11D3-BF4B-00C04F79EFBC}") = "ThidGame.Commons", "Common\ThidGame.Commons.csproj", "{4936E3DB-2FD8-4721-BB58-4CF82CA26C59}"
EndProject
Project("{D954291E-2A0B-460D-934E-DC6B0785DB48}") = "SharedContent", "SharedContent\SharedContent.shproj", "{36AAF4D7-AC81-4ABA-B7F8-1E164BE4317C}"
EndProject
Project("{FAE04EC0-301F-11D3-BF4B-00C04F79EFBC}") = "ThirdGame.Desktop", "ThirdGame.Desktop\ThirdGame.Desktop.csproj", "{0ADF91B7-6C8A-4DB8-8AE7-DA274B4BEB4A}"
EndProject
Global
	GlobalSection(SharedMSBuildProjectFiles) = preSolution
		SharedContent\SharedContent.projitems*{36aaf4d7-ac81-4aba-b7f8-1e164be4317c}*SharedItemsImports = 13
	EndGlobalSection
	GlobalSection(SolutionConfigurationPlatforms) = preSolution
		Debug|Any CPU = Debug|Any CPU
		Debug|x86 = Debug|x86
		Release|Any CPU = Release|Any CPU
		Release|x86 = Release|x86
	EndGlobalSection
	GlobalSection(ProjectConfigurationPlatforms) = postSolution
		{5E172DE2-91D2-42F4-90EF-F553D9B3D21F}.Debug|Any CPU.ActiveCfg = Debug|Any CPU
		{5E172DE2-91D2-42F4-90EF-F553D9B3D21F}.Debug|Any CPU.Build.0 = Debug|Any CPU
		{5E172DE2-91D2-42F4-90EF-F553D9B3D21F}.Debug|Any CPU.Deploy.0 = Debug|Any CPU
		{5E172DE2-91D2-42F4-90EF-F553D9B3D21F}.Debug|x86.ActiveCfg = Debug|Any CPU
		{5E172DE2-91D2-42F4-90EF-F553D9B3D21F}.Debug|x86.Build.0 = Debug|Any CPU
		{5E172DE2-91D2-42F4-90EF-F553D9B3D21F}.Debug|x86.Deploy.0 = Debug|Any CPU
		{5E172DE2-91D2-42F4-90EF-F553D9B3D21F}.Release|Any CPU.ActiveCfg = Release|Any CPU
		{5E172DE2-91D2-42F4-90EF-F553D9B3D21F}.Release|Any CPU.Build.0 = Release|Any CPU
		{5E172DE2-91D2-42F4-90EF-F553D9B3D21F}.Release|Any CPU.Deploy.0 = Release|Any CPU
		{5E172DE2-91D2-42F4-90EF-F553D9B3D21F}.Release|x86.ActiveCfg = Release|Any CPU
		{5E172DE2-91D2-42F4-90EF-F553D9B3D21F}.Release|x86.Build.0 = Release|Any CPU
		{5E172DE2-91D2-42F4-90EF-F553D9B3D21F}.Release|x86.Deploy.0 = Release|Any CPU
		{2E22B5C7-6295-46A5-B14A-65B915C840E0}.Debug|Any CPU.ActiveCfg = Debug|Any CPU
		{2E22B5C7-6295-46A5-B14A-65B915C840E0}.Debug|Any CPU.Build.0 = Debug|Any CPU
		{2E22B5C7-6295-46A5-B14A-65B915C840E0}.Debug|x86.ActiveCfg = Debug|Any CPU
		{2E22B5C7-6295-46A5-B14A-65B915C840E0}.Debug|x86.Build.0 = Debug|Any CPU
		{2E22B5C7-6295-46A5-B14A-65B915C840E0}.Release|Any CPU.ActiveCfg = Release|Any CPU
		{2E22B5C7-6295-46A5-B14A-65B915C840E0}.Release|Any CPU.Build.0 = Release|Any CPU
		{2E22B5C7-6295-46A5-B14A-65B915C840E0}.Release|x86.ActiveCfg = Release|Any CPU
		{2E22B5C7-6295-46A5-B14A-65B915C840E0}.Release|x86.Build.0 = Release|Any CPU
		{4936E3DB-2FD8-4721-BB58-4CF82CA26C59}.Debug|Any CPU.ActiveCfg = Debug|Any CPU
		{4936E3DB-2FD8-4721-BB58-4CF82CA26C59}.Debug|Any CPU.Build.0 = Debug|Any CPU
		{4936E3DB-2FD8-4721-BB58-4CF82CA26C59}.Debug|x86.ActiveCfg = Debug|Any CPU
		{4936E3DB-2FD8-4721-BB58-4CF82CA26C59}.Debug|x86.Build.0 = Debug|Any CPU
		{4936E3DB-2FD8-4721-BB58-4CF82CA26C59}.Release|Any CPU.ActiveCfg = Release|Any CPU
		{4936E3DB-2FD8-4721-BB58-4CF82CA26C59}.Release|Any CPU.Build.0 = Release|Any CPU
		{4936E3DB-2FD8-4721-BB58-4CF82CA26C59}.Release|x86.ActiveCfg = Release|Any CPU
		{4936E3DB-2FD8-4721-BB58-4CF82CA26C59}.Release|x86.Build.0 = Release|Any CPU
		{0ADF91B7-6C8A-4DB8-8AE7-DA274B4BEB4A}.Debug|Any CPU.ActiveCfg = Debug|Any CPU
		{0ADF91B7-6C8A-4DB8-8AE7-DA274B4BEB4A}.Debug|Any CPU.Build.0 = Debug|Any CPU
		{0ADF91B7-6C8A-4DB8-8AE7-DA274B4BEB4A}.Debug|x86.ActiveCfg = Debug|Any CPU
		{0ADF91B7-6C8A-4DB8-8AE7-DA274B4BEB4A}.Debug|x86.Build.0 = Debug|Any CPU
		{0ADF91B7-6C8A-4DB8-8AE7-DA274B4BEB4A}.Release|Any CPU.ActiveCfg = Release|Any CPU
		{0ADF91B7-6C8A-4DB8-8AE7-DA274B4BEB4A}.Release|Any CPU.Build.0 = Release|Any CPU
		{0ADF91B7-6C8A-4DB8-8AE7-DA274B4BEB4A}.Release|x86.ActiveCfg = Release|Any CPU
		{0ADF91B7-6C8A-4DB8-8AE7-DA274B4BEB4A}.Release|x86.Build.0 = Release|Any CPU
	EndGlobalSection
	GlobalSection(SolutionProperties) = preSolution
		HideSolutionNode = FALSE
	EndGlobalSection
EndGlobal
